// !$*UTF8*$!
{
	archiveVersion = 1;
	classes = {
	};
	objectVersion = 55;
	objects = {

/* Begin PBXBuildFile section */
		6529048E289ACEDB001E208B /* AppDelegate.swift in Sources */ = {isa = PBXBuildFile; fileRef = 6529048D289ACEDB001E208B /* AppDelegate.swift */; };
		65290490289ACEDB001E208B /* SceneDelegate.swift in Sources */ = {isa = PBXBuildFile; fileRef = 6529048F289ACEDB001E208B /* SceneDelegate.swift */; };
		65290492289ACEDB001E208B /* ViewController.swift in Sources */ = {isa = PBXBuildFile; fileRef = 65290491289ACEDB001E208B /* ViewController.swift */; };
		65290495289ACEDB001E208B /* Main.storyboard in Resources */ = {isa = PBXBuildFile; fileRef = 65290493289ACEDB001E208B /* Main.storyboard */; };
		65290497289ACEDC001E208B /* Assets.xcassets in Resources */ = {isa = PBXBuildFile; fileRef = 65290496289ACEDC001E208B /* Assets.xcassets */; };
		6529049A289ACEDC001E208B /* LaunchScreen.storyboard in Resources */ = {isa = PBXBuildFile; fileRef = 65290498289ACEDC001E208B /* LaunchScreen.storyboard */; };
		652904A3289ACF3D001E208B /* Weather.swift in Sources */ = {isa = PBXBuildFile; fileRef = 652904A2289ACF3D001E208B /* Weather.swift */; };
		652904A7289AD097001E208B /* Constants.swift in Sources */ = {isa = PBXBuildFile; fileRef = 652904A6289AD097001E208B /* Constants.swift */; };
		652904A9289AD317001E208B /* WebService.swift in Sources */ = {isa = PBXBuildFile; fileRef = 652904A8289AD317001E208B /* WebService.swift */; };
/* End PBXBuildFile section */

/* Begin PBXFileReference section */
		6529048A289ACEDB001E208B /* WeatherAppCombine.app */ = {isa = PBXFileReference; explicitFileType = wrapper.application; includeInIndex = 0; path = WeatherAppCombine.app; sourceTree = BUILT_PRODUCTS_DIR; };
		6529048D289ACEDB001E208B /* AppDelegate.swift */ = {isa = PBXFileReference; lastKnownFileType = sourcecode.swift; path = AppDelegate.swift; sourceTree = "<group>"; };
		6529048F289ACEDB001E208B /* SceneDelegate.swift */ = {isa = PBXFileReference; lastKnownFileType = sourcecode.swift; path = SceneDelegate.swift; sourceTree = "<group>"; };
		65290491289ACEDB001E208B /* ViewController.swift */ = {isa = PBXFileReference; lastKnownFileType = sourcecode.swift; path = ViewController.swift; sourceTree = "<group>"; };
		65290494289ACEDB001E208B /* Base */ = {isa = PBXFileReference; lastKnownFileType = file.storyboard; name = Base; path = Base.lproj/Main.storyboard; sourceTree = "<group>"; };
		65290496289ACEDC001E208B /* Assets.xcassets */ = {isa = PBXFileReference; lastKnownFileType = folder.assetcatalog; path = Assets.xcassets; sourceTree = "<group>"; };
		65290499289ACEDC001E208B /* Base */ = {isa = PBXFileReference; lastKnownFileType = file.storyboard; name = Base; path = Base.lproj/LaunchScreen.storyboard; sourceTree = "<group>"; };
		6529049B289ACEDC001E208B /* Info.plist */ = {isa = PBXFileReference; lastKnownFileType = text.plist.xml; path = Info.plist; sourceTree = "<group>"; };
		652904A2289ACF3D001E208B /* Weather.swift */ = {isa = PBXFileReference; lastKnownFileType = sourcecode.swift; path = Weather.swift; sourceTree = "<group>"; };
		652904A6289AD097001E208B /* Constants.swift */ = {isa = PBXFileReference; lastKnownFileType = sourcecode.swift; path = Constants.swift; sourceTree = "<group>"; };
		652904A8289AD317001E208B /* WebService.swift */ = {isa = PBXFileReference; lastKnownFileType = sourcecode.swift; path = WebService.swift; sourceTree = "<group>"; };
/* End PBXFileReference section */

/* Begin PBXFrameworksBuildPhase section */
		65290487289ACEDB001E208B /* Frameworks */ = {
			isa = PBXFrameworksBuildPhase;
			buildActionMask = 2147483647;
			files = (
			);
			runOnlyForDeploymentPostprocessing = 0;
		};
/* End PBXFrameworksBuildPhase section */

/* Begin PBXGroup section */
		65290481289ACEDB001E208B = {
			isa = PBXGroup;
			children = (
				6529048C289ACEDB001E208B /* WeatherAppCombine */,
				6529048B289ACEDB001E208B /* Products */,
			);
			sourceTree = "<group>";
		};
		6529048B289ACEDB001E208B /* Products */ = {
			isa = PBXGroup;
			children = (
				6529048A289ACEDB001E208B /* WeatherAppCombine.app */,
			);
			name = Products;
			sourceTree = "<group>";
		};
		6529048C289ACEDB001E208B /* WeatherAppCombine */ = {
			isa = PBXGroup;
			children = (
				652904A5289AD07C001E208B /* Utils */,
				652904A4289AD068001E208B /* WebServices */,
				652904A1289ACF2D001E208B /* Models */,
				6529048D289ACEDB001E208B /* AppDelegate.swift */,
				6529048F289ACEDB001E208B /* SceneDelegate.swift */,
				65290491289ACEDB001E208B /* ViewController.swift */,
				65290493289ACEDB001E208B /* Main.storyboard */,
				65290496289ACEDC001E208B /* Assets.xcassets */,
				65290498289ACEDC001E208B /* LaunchScreen.storyboard */,
				6529049B289ACEDC001E208B /* Info.plist */,
			);
			path = WeatherAppCombine;
			sourceTree = "<group>";
		};
		652904A1289ACF2D001E208B /* Models */ = {
			isa = PBXGroup;
			children = (
				652904A2289ACF3D001E208B /* Weather.swift */,
			);
			path = Models;
			sourceTree = "<group>";
		};
		652904A4289AD068001E208B /* WebServices */ = {
			isa = PBXGroup;
			children = (
				652904A8289AD317001E208B /* WebService.swift */,
			);
			path = WebServices;
			sourceTree = "<group>";
		};
		652904A5289AD07C001E208B /* Utils */ = {
			isa = PBXGroup;
			children = (
				652904A6289AD097001E208B /* Constants.swift */,
			);
			path = Utils;
			sourceTree = "<group>";
		};
/* End PBXGroup section */

/* Begin PBXNativeTarget section */
		65290489289ACEDB001E208B /* WeatherAppCombine */ = {
			isa = PBXNativeTarget;
			buildConfigurationList = 6529049E289ACEDC001E208B /* Build configuration list for PBXNativeTarget "WeatherAppCombine" */;
			buildPhases = (
				65290486289ACEDB001E208B /* Sources */,
				65290487289ACEDB001E208B /* Frameworks */,
				65290488289ACEDB001E208B /* Resources */,
			);
			buildRules = (
			);
			dependencies = (
			);
			name = WeatherAppCombine;
			productName = WeatherAppCombine;
			productReference = 6529048A289ACEDB001E208B /* WeatherAppCombine.app */;
			productType = "com.apple.product-type.application";
		};
/* End PBXNativeTarget section */

/* Begin PBXProject section */
		65290482289ACEDB001E208B /* Project object */ = {
			isa = PBXProject;
			attributes = {
				BuildIndependentTargetsInParallel = 1;
				LastSwiftUpdateCheck = 1340;
				LastUpgradeCheck = 1340;
				TargetAttributes = {
					65290489289ACEDB001E208B = {
						CreatedOnToolsVersion = 13.4.1;
					};
				};
			};
			buildConfigurationList = 65290485289ACEDB001E208B /* Build configuration list for PBXProject "WeatherAppCombine" */;
			compatibilityVersion = "Xcode 13.0";
			developmentRegion = en;
			hasScannedForEncodings = 0;
			knownRegions = (
				en,
				Base,
			);
			mainGroup = 65290481289ACEDB001E208B;
			productRefGroup = 6529048B289ACEDB001E208B /* Products */;
			projectDirPath = "";
			projectRoot = "";
			targets = (
				65290489289ACEDB001E208B /* WeatherAppCombine */,
			);
		};
/* End PBXProject section */

/* Begin PBXResourcesBuildPhase section */
		65290488289ACEDB001E208B /* Resources */ = {
			isa = PBXResourcesBuildPhase;
			buildActionMask = 2147483647;
			files = (
				6529049A289ACEDC001E208B /* LaunchScreen.storyboard in Resources */,
				65290497289ACEDC001E208B /* Assets.xcassets in Resources */,
				65290495289ACEDB001E208B /* Main.storyboard in Resources */,
			);
			runOnlyForDeploymentPostprocessing = 0;
		};
/* End PBXResourcesBuildPhase section */

/* Begin PBXSourcesBuildPhase section */
		65290486289ACEDB001E208B /* Sources */ = {
			isa = PBXSourcesBuildPhase;
			buildActionMask = 2147483647;
			files = (
				652904A9289AD317001E208B /* WebService.swift in Sources */,
				652904A7289AD097001E208B /* Constants.swift in Sources */,
				652904A3289ACF3D001E208B /* Weather.swift in Sources */,
				65290492289ACEDB001E208B /* ViewController.swift in Sources */,
				6529048E289ACEDB001E208B /* AppDelegate.swift in Sources */,
				65290490289ACEDB001E208B /* SceneDelegate.swift in Sources */,
			);
			runOnlyForDeploymentPostprocessing = 0;
		};
/* End PBXSourcesBuildPhase section */

/* Begin PBXVariantGroup section */
		65290493289ACEDB001E208B /* Main.storyboard */ = {
			isa = PBXVariantGroup;
			children = (
				65290494289ACEDB001E208B /* Base */,
			);
			name = Main.storyboard;
			sourceTree = "<group>";
		};
		65290498289ACEDC001E208B /* LaunchScreen.storyboard */ = {
			isa = PBXVariantGroup;
			children = (
				65290499289ACEDC001E208B /* Base */,
			);
			name = LaunchScreen.storyboard;
			sourceTree = "<group>";
		};
/* End PBXVariantGroup section */

/* Begin XCBuildConfiguration section */
		6529049C289ACEDC001E208B /* Debug */ = {
			isa = XCBuildConfiguration;
			buildSettings = {
				ALWAYS_SEARCH_USER_PATHS = NO;
				CLANG_ANALYZER_NONNULL = YES;
				CLANG_ANALYZER_NUMBER_OBJECT_CONVERSION = YES_AGGRESSIVE;
				CLANG_CXX_LANGUAGE_STANDARD = "gnu++17";
				CLANG_ENABLE_MODULES = YES;
				CLANG_ENABLE_OBJC_ARC = YES;
				CLANG_ENABLE_OBJC_WEAK = YES;
				CLANG_WARN_BLOCK_CAPTURE_AUTORELEASING = YES;
				CLANG_WARN_BOOL_CONVERSION = YES;
				CLANG_WARN_COMMA = YES;
				CLANG_WARN_CONSTANT_CONVERSION = YES;
				CLANG_WARN_DEPRECATED_OBJC_IMPLEMENTATIONS = YES;
				CLANG_WARN_DIRECT_OBJC_ISA_USAGE = YES_ERROR;
				CLANG_WARN_DOCUMENTATION_COMMENTS = YES;
				CLANG_WARN_EMPTY_BODY = YES;
				CLANG_WARN_ENUM_CONVERSION = YES;
				CLANG_WARN_INFINITE_RECURSION = YES;
				CLANG_WARN_INT_CONVERSION = YES;
				CLANG_WARN_NON_LITERAL_NULL_CONVERSION = YES;
				CLANG_WARN_OBJC_IMPLICIT_RETAIN_SELF = YES;
				CLANG_WARN_OBJC_LITERAL_CONVERSION = YES;
				CLANG_WARN_OBJC_ROOT_CLASS = YES_ERROR;
				CLANG_WARN_QUOTED_INCLUDE_IN_FRAMEWORK_HEADER = YES;
				CLANG_WARN_RANGE_LOOP_ANALYSIS = YES;
				CLANG_WARN_STRICT_PROTOTYPES = YES;
				CLANG_WARN_SUSPICIOUS_MOVE = YES;
				CLANG_WARN_UNGUARDED_AVAILABILITY = YES_AGGRESSIVE;
				CLANG_WARN_UNREACHABLE_CODE = YES;
				CLANG_WARN__DUPLICATE_METHOD_MATCH = YES;
				COPY_PHASE_STRIP = NO;
				DEBUG_INFORMATION_FORMAT = dwarf;
				ENABLE_STRICT_OBJC_MSGSEND = YES;
				ENABLE_TESTABILITY = YES;
				GCC_C_LANGUAGE_STANDARD = gnu11;
				GCC_DYNAMIC_NO_PIC = NO;
				GCC_NO_COMMON_BLOCKS = YES;
				GCC_OPTIMIZATION_LEVEL = 0;
				GCC_PREPROCESSOR_DEFINITIONS = (
					"DEBUG=1",
					"$(inherited)",
				);
				GCC_WARN_64_TO_32_BIT_CONVERSION = YES;
				GCC_WARN_ABOUT_RETURN_TYPE = YES_ERROR;
				GCC_WARN_UNDECLARED_SELECTOR = YES;
				GCC_WARN_UNINITIALIZED_AUTOS = YES_AGGRESSIVE;
				GCC_WARN_UNUSED_FUNCTION = YES;
				GCC_WARN_UNUSED_VARIABLE = YES;
				IPHONEOS_DEPLOYMENT_TARGET = 15.5;
				MTL_ENABLE_DEBUG_INFO = INCLUDE_SOURCE;
				MTL_FAST_MATH = YES;
				ONLY_ACTIVE_ARCH = YES;
				SDKROOT = iphoneos;
				SWIFT_ACTIVE_COMPILATION_CONDITIONS = DEBUG;
				SWIFT_OPTIMIZATION_LEVEL = "-Onone";
			};
			name = Debug;
		};
		6529049D289ACEDC001E208B /* Release */ = {
			isa = XCBuildConfiguration;
			buildSettings = {
				ALWAYS_SEARCH_USER_PATHS = NO;
				CLANG_ANALYZER_NONNULL = YES;
				CLANG_ANALYZER_NUMBER_OBJECT_CONVERSION = YES_AGGRESSIVE;
				CLANG_CXX_LANGUAGE_STANDARD = "gnu++17";
				CLANG_ENABLE_MODULES = YES;
				CLANG_ENABLE_OBJC_ARC = YES;
				CLANG_ENABLE_OBJC_WEAK = YES;
				CLANG_WARN_BLOCK_CAPTURE_AUTORELEASING = YES;
				CLANG_WARN_BOOL_CONVERSION = YES;
				CLANG_WARN_COMMA = YES;
				CLANG_WARN_CONSTANT_CONVERSION = YES;
				CLANG_WARN_DEPRECATED_OBJC_IMPLEMENTATIONS = YES;
				CLANG_WARN_DIRECT_OBJC_ISA_USAGE = YES_ERROR;
				CLANG_WARN_DOCUMENTATION_COMMENTS = YES;
				CLANG_WARN_EMPTY_BODY = YES;
				CLANG_WARN_ENUM_CONVERSION = YES;
				CLANG_WARN_INFINITE_RECURSION = YES;
				CLANG_WARN_INT_CONVERSION = YES;
				CLANG_WARN_NON_LITERAL_NULL_CONVERSION = YES;
				CLANG_WARN_OBJC_IMPLICIT_RETAIN_SELF = YES;
				CLANG_WARN_OBJC_LITERAL_CONVERSION = YES;
				CLANG_WARN_OBJC_ROOT_CLASS = YES_ERROR;
				CLANG_WARN_QUOTED_INCLUDE_IN_FRAMEWORK_HEADER = YES;
				CLANG_WARN_RANGE_LOOP_ANALYSIS = YES;
				CLANG_WARN_STRICT_PROTOTYPES = YES;
				CLANG_WARN_SUSPICIOUS_MOVE = YES;
				CLANG_WARN_UNGUARDED_AVAILABILITY = YES_AGGRESSIVE;
				CLANG_WARN_UNREACHABLE_CODE = YES;
				CLANG_WARN__DUPLICATE_METHOD_MATCH = YES;
				COPY_PHASE_STRIP = NO;
				DEBUG_INFORMATION_FORMAT = "dwarf-with-dsym";
				ENABLE_NS_ASSERTIONS = NO;
				ENABLE_STRICT_OBJC_MSGSEND = YES;
				GCC_C_LANGUAGE_STANDARD = gnu11;
				GCC_NO_COMMON_BLOCKS = YES;
				GCC_WARN_64_TO_32_BIT_CONVERSION = YES;
				GCC_WARN_ABOUT_RETURN_TYPE = YES_ERROR;
				GCC_WARN_UNDECLARED_SELECTOR = YES;
				GCC_WARN_UNINITIALIZED_AUTOS = YES_AGGRESSIVE;
				GCC_WARN_UNUSED_FUNCTION = YES;
				GCC_WARN_UNUSED_VARIABLE = YES;
				IPHONEOS_DEPLOYMENT_TARGET = 15.5;
				MTL_ENABLE_DEBUG_INFO = NO;
				MTL_FAST_MATH = YES;
				SDKROOT = iphoneos;
				SWIFT_COMPILATION_MODE = wholemodule;
				SWIFT_OPTIMIZATION_LEVEL = "-O";
				VALIDATE_PRODUCT = YES;
			};
			name = Release;
		};
		6529049F289ACEDC001E208B /* Debug */ = {
			isa = XCBuildConfiguration;
			buildSettings = {
				ASSETCATALOG_COMPILER_APPICON_NAME = AppIcon;
				ASSETCATALOG_COMPILER_GLOBAL_ACCENT_COLOR_NAME = AccentColor;
				CODE_SIGN_STYLE = Automatic;
				CURRENT_PROJECT_VERSION = 1;
				DEVELOPMENT_TEAM = NBDCQ76D6V;
				GENERATE_INFOPLIST_FILE = YES;
				INFOPLIST_FILE = WeatherAppCombine/Info.plist;
				INFOPLIST_KEY_UIApplicationSupportsIndirectInputEvents = YES;
				INFOPLIST_KEY_UILaunchStoryboardName = LaunchScreen;
				INFOPLIST_KEY_UIMainStoryboardFile = Main;
				INFOPLIST_KEY_UISupportedInterfaceOrientations_iPad = "UIInterfaceOrientationPortrait UIInterfaceOrientationPortraitUpsideDown UIInterfaceOrientationLandscapeLeft UIInterfaceOrientationLandscapeRight";
				INFOPLIST_KEY_UISupportedInterfaceOrientations_iPhone = "UIInterfaceOrientationPortrait UIInterfaceOrientationLandscapeLeft UIInterfaceOrientationLandscapeRight";
				LD_RUNPATH_SEARCH_PATHS = (
					"$(inherited)",
					"@executable_path/Frameworks",
				);
				MARKETING_VERSION = 1.0;
				PRODUCT_BUNDLE_IDENTIFIER = kasito.WeatherAppCombine;
				PRODUCT_NAME = "$(TARGET_NAME)";
				SWIFT_EMIT_LOC_STRINGS = YES;
				SWIFT_VERSION = 5.0;
				TARGETED_DEVICE_FAMILY = "1,2";
			};
			name = Debug;
		};
		652904A0289ACEDC001E208B /* Release */ = {
			isa = XCBuildConfiguration;
			buildSettings = {
				ASSETCATALOG_COMPILER_APPICON_NAME = AppIcon;
				ASSETCATALOG_COMPILER_GLOBAL_ACCENT_COLOR_NAME = AccentColor;
				CODE_SIGN_STYLE = Automatic;
				CURRENT_PROJECT_VERSION = 1;
				DEVELOPMENT_TEAM = NBDCQ76D6V;
				GENERATE_INFOPLIST_FILE = YES;
				INFOPLIST_FILE = WeatherAppCombine/Info.plist;
				INFOPLIST_KEY_UIApplicationSupportsIndirectInputEvents = YES;
				INFOPLIST_KEY_UILaunchStoryboardName = LaunchScreen;
				INFOPLIST_KEY_UIMainStoryboardFile = Main;
				INFOPLIST_KEY_UISupportedInterfaceOrientations_iPad = "UIInterfaceOrientationPortrait UIInterfaceOrientationPortraitUpsideDown UIInterfaceOrientationLandscapeLeft UIInterfaceOrientationLandscapeRight";
				INFOPLIST_KEY_UISupportedInterfaceOrientations_iPhone = "UIInterfaceOrientationPortrait UIInterfaceOrientationLandscapeLeft UIInterfaceOrientationLandscapeRight";
				LD_RUNPATH_SEARCH_PATHS = (
					"$(inherited)",
					"@executable_path/Frameworks",
				);
				MARKETING_VERSION = 1.0;
				PRODUCT_BUNDLE_IDENTIFIER = kasito.WeatherAppCombine;
				PRODUCT_NAME = "$(TARGET_NAME)";
				SWIFT_EMIT_LOC_STRINGS = YES;
				SWIFT_VERSION = 5.0;
				TARGETED_DEVICE_FAMILY = "1,2";
			};
			name = Release;
		};
/* End XCBuildConfiguration section */

/* Begin XCConfigurationList section */
		65290485289ACEDB001E208B /* Build configuration list for PBXProject "WeatherAppCombine" */ = {
			isa = XCConfigurationList;
			buildConfigurations = (
				6529049C289ACEDC001E208B /* Debug */,
				6529049D289ACEDC001E208B /* Release */,
			);
			defaultConfigurationIsVisible = 0;
			defaultConfigurationName = Release;
		};
		6529049E289ACEDC001E208B /* Build configuration list for PBXNativeTarget "WeatherAppCombine" */ = {
			isa = XCConfigurationList;
			buildConfigurations = (
				6529049F289ACEDC001E208B /* Debug */,
				652904A0289ACEDC001E208B /* Release */,
			);
			defaultConfigurationIsVisible = 0;
			defaultConfigurationName = Release;
		};
/* End XCConfigurationList section */
	};
	rootObject = 65290482289ACEDB001E208B /* Project object */;
}
